// !$*UTF8*$!
{
	archiveVersion = 1;
	classes = {
	};
	objectVersion = 46;
	objects = {

/* Begin PBXBuildFile section */
		F36373951DD93B0700564C3D /* AppDelegate.swift in Sources */ = {isa = PBXBuildFile; fileRef = F36373941DD93B0700564C3D /* AppDelegate.swift */; };
		F36373971DD93B0700564C3D /* ViewController.swift in Sources */ = {isa = PBXBuildFile; fileRef = F36373961DD93B0700564C3D /* ViewController.swift */; };
		F363739A1DD93B0700564C3D /* Main.storyboard in Resources */ = {isa = PBXBuildFile; fileRef = F36373981DD93B0700564C3D /* Main.storyboard */; };
		F363739C1DD93B0700564C3D /* Assets.xcassets in Resources */ = {isa = PBXBuildFile; fileRef = F363739B1DD93B0700564C3D /* Assets.xcassets */; };
		F363739F1DD93B0700564C3D /* LaunchScreen.storyboard in Resources */ = {isa = PBXBuildFile; fileRef = F363739D1DD93B0700564C3D /* LaunchScreen.storyboard */; };
		F36373AA1DD93B0700564C3D /* loop_pedal_appTests.swift in Sources */ = {isa = PBXBuildFile; fileRef = F36373A91DD93B0700564C3D /* loop_pedal_appTests.swift */; };
/* End PBXBuildFile section */

/* Begin PBXContainerItemProxy section */
		F36373A61DD93B0700564C3D /* PBXContainerItemProxy */ = {
			isa = PBXContainerItemProxy;
			containerPortal = F36373891DD93B0700564C3D /* Project object */;
			proxyType = 1;
			remoteGlobalIDString = F36373901DD93B0700564C3D;
			remoteInfo = "loop-pedal-app";
		};
/* End PBXContainerItemProxy section */

/* Begin PBXFileReference section */
		F36373911DD93B0700564C3D /* loop-pedal-app.app */ = {isa = PBXFileReference; explicitFileType = wrapper.application; includeInIndex = 0; path = "loop-pedal-app.app"; sourceTree = BUILT_PRODUCTS_DIR; };
		F36373941DD93B0700564C3D /* AppDelegate.swift */ = {isa = PBXFileReference; lastKnownFileType = sourcecode.swift; path = AppDelegate.swift; sourceTree = "<group>"; };
		F36373961DD93B0700564C3D /* ViewController.swift */ = {isa = PBXFileReference; lastKnownFileType = sourcecode.swift; path = ViewController.swift; sourceTree = "<group>"; };
		F36373991DD93B0700564C3D /* Base */ = {isa = PBXFileReference; lastKnownFileType = file.storyboard; name = Base; path = Base.lproj/Main.storyboard; sourceTree = "<group>"; };
		F363739B1DD93B0700564C3D /* Assets.xcassets */ = {isa = PBXFileReference; lastKnownFileType = folder.assetcatalog; path = Assets.xcassets; sourceTree = "<group>"; };
		F363739E1DD93B0700564C3D /* Base */ = {isa = PBXFileReference; lastKnownFileType = file.storyboard; name = Base; path = Base.lproj/LaunchScreen.storyboard; sourceTree = "<group>"; };
		F36373A01DD93B0700564C3D /* Info.plist */ = {isa = PBXFileReference; lastKnownFileType = text.plist.xml; path = Info.plist; sourceTree = "<group>"; };
		F36373A51DD93B0700564C3D /* loop-pedal-appTests.xctest */ = {isa = PBXFileReference; explicitFileType = wrapper.cfbundle; includeInIndex = 0; path = "loop-pedal-appTests.xctest"; sourceTree = BUILT_PRODUCTS_DIR; };
		F36373A91DD93B0700564C3D /* loop_pedal_appTests.swift */ = {isa = PBXFileReference; lastKnownFileType = sourcecode.swift; path = loop_pedal_appTests.swift; sourceTree = "<group>"; };
		F36373AB1DD93B0700564C3D /* Info.plist */ = {isa = PBXFileReference; lastKnownFileType = text.plist.xml; path = Info.plist; sourceTree = "<group>"; };
/* End PBXFileReference section */

/* Begin PBXFrameworksBuildPhase section */
		F363738E1DD93B0700564C3D /* Frameworks */ = {
			isa = PBXFrameworksBuildPhase;
			buildActionMask = 2147483647;
			files = (
			);
			runOnlyForDeploymentPostprocessing = 0;
		};
		F36373A21DD93B0700564C3D /* Frameworks */ = {
			isa = PBXFrameworksBuildPhase;
			buildActionMask = 2147483647;
			files = (
			);
			runOnlyForDeploymentPostprocessing = 0;
		};
/* End PBXFrameworksBuildPhase section */

/* Begin PBXGroup section */
		F36373881DD93B0700564C3D = {
			isa = PBXGroup;
			children = (
				F36373931DD93B0700564C3D /* loop-pedal-app */,
				F36373A81DD93B0700564C3D /* loop-pedal-appTests */,
				F36373921DD93B0700564C3D /* Products */,
			);
			sourceTree = "<group>";
		};
		F36373921DD93B0700564C3D /* Products */ = {
			isa = PBXGroup;
			children = (
				F36373911DD93B0700564C3D /* loop-pedal-app.app */,
				F36373A51DD93B0700564C3D /* loop-pedal-appTests.xctest */,
			);
			name = Products;
			sourceTree = "<group>";
		};
		F36373931DD93B0700564C3D /* loop-pedal-app */ = {
			isa = PBXGroup;
			children = (
				F36373941DD93B0700564C3D /* AppDelegate.swift */,
				F36373961DD93B0700564C3D /* ViewController.swift */,
				F36373981DD93B0700564C3D /* Main.storyboard */,
				F363739B1DD93B0700564C3D /* Assets.xcassets */,
				F363739D1DD93B0700564C3D /* LaunchScreen.storyboard */,
				F36373A01DD93B0700564C3D /* Info.plist */,
			);
			path = "loop-pedal-app";
			sourceTree = "<group>";
		};
		F36373A81DD93B0700564C3D /* loop-pedal-appTests */ = {
			isa = PBXGroup;
			children = (
				F36373A91DD93B0700564C3D /* loop_pedal_appTests.swift */,
				F36373AB1DD93B0700564C3D /* Info.plist */,
			);
			path = "loop-pedal-appTests";
			sourceTree = "<group>";
		};
/* End PBXGroup section */

/* Begin PBXNativeTarget section */
		F36373901DD93B0700564C3D /* loop-pedal-app */ = {
			isa = PBXNativeTarget;
			buildConfigurationList = F36373AE1DD93B0700564C3D /* Build configuration list for PBXNativeTarget "loop-pedal-app" */;
			buildPhases = (
				F363738D1DD93B0700564C3D /* Sources */,
				F363738E1DD93B0700564C3D /* Frameworks */,
				F363738F1DD93B0700564C3D /* Resources */,
			);
			buildRules = (
			);
			dependencies = (
			);
			name = "loop-pedal-app";
			productName = "loop-pedal-app";
			productReference = F36373911DD93B0700564C3D /* loop-pedal-app.app */;
			productType = "com.apple.product-type.application";
		};
		F36373A41DD93B0700564C3D /* loop-pedal-appTests */ = {
			isa = PBXNativeTarget;
			buildConfigurationList = F36373B11DD93B0700564C3D /* Build configuration list for PBXNativeTarget "loop-pedal-appTests" */;
			buildPhases = (
				F36373A11DD93B0700564C3D /* Sources */,
				F36373A21DD93B0700564C3D /* Frameworks */,
				F36373A31DD93B0700564C3D /* Resources */,
			);
			buildRules = (
			);
			dependencies = (
				F36373A71DD93B0700564C3D /* PBXTargetDependency */,
			);
			name = "loop-pedal-appTests";
			productName = "loop-pedal-appTests";
			productReference = F36373A51DD93B0700564C3D /* loop-pedal-appTests.xctest */;
			productType = "com.apple.product-type.bundle.unit-test";
		};
/* End PBXNativeTarget section */

/* Begin PBXProject section */
		F36373891DD93B0700564C3D /* Project object */ = {
			isa = PBXProject;
			attributes = {
				LastSwiftUpdateCheck = 0810;
				LastUpgradeCheck = 0810;
				ORGANIZATIONNAME = "Maggie Luo";
				TargetAttributes = {
					F36373901DD93B0700564C3D = {
						CreatedOnToolsVersion = 8.1;
						ProvisioningStyle = Automatic;
					};
					F36373A41DD93B0700564C3D = {
						CreatedOnToolsVersion = 8.1;
						ProvisioningStyle = Automatic;
						TestTargetID = F36373901DD93B0700564C3D;
					};
				};
			};
			buildConfigurationList = F363738C1DD93B0700564C3D /* Build configuration list for PBXProject "loop-pedal-app" */;
			compatibilityVersion = "Xcode 3.2";
			developmentRegion = English;
			hasScannedForEncodings = 0;
			knownRegions = (
				en,
				Base,
			);
			mainGroup = F36373881DD93B0700564C3D;
			productRefGroup = F36373921DD93B0700564C3D /* Products */;
			projectDirPath = "";
			projectRoot = "";
			targets = (
				F36373901DD93B0700564C3D /* loop-pedal-app */,
				F36373A41DD93B0700564C3D /* loop-pedal-appTests */,
			);
		};
/* End PBXProject section */

/* Begin PBXResourcesBuildPhase section */
		F363738F1DD93B0700564C3D /* Resources */ = {
			isa = PBXResourcesBuildPhase;
			buildActionMask = 2147483647;
			files = (
				F363739F1DD93B0700564C3D /* LaunchScreen.storyboard in Resources */,
				F363739C1DD93B0700564C3D /* Assets.xcassets in Resources */,
				F363739A1DD93B0700564C3D /* Main.storyboard in Resources */,
			);
			runOnlyForDeploymentPostprocessing = 0;
		};
		F36373A31DD93B0700564C3D /* Resources */ = {
			isa = PBXResourcesBuildPhase;
			buildActionMask = 2147483647;
			files = (
			);
			runOnlyForDeploymentPostprocessing = 0;
		};
/* End PBXResourcesBuildPhase section */

/* Begin PBXSourcesBuildPhase section */
		F363738D1DD93B0700564C3D /* Sources */ = {
			isa = PBXSourcesBuildPhase;
			buildActionMask = 2147483647;
			files = (
				F36373971DD93B0700564C3D /* ViewController.swift in Sources */,
				F36373951DD93B0700564C3D /* AppDelegate.swift in Sources */,
			);
			runOnlyForDeploymentPostprocessing = 0;
		};
		F36373A11DD93B0700564C3D /* Sources */ = {
			isa = PBXSourcesBuildPhase;
			buildActionMask = 2147483647;
			files = (
				F36373AA1DD93B0700564C3D /* loop_pedal_appTests.swift in Sources */,
			);
			runOnlyForDeploymentPostprocessing = 0;
		};
/* End PBXSourcesBuildPhase section */

/* Begin PBXTargetDependency section */
		F36373A71DD93B0700564C3D /* PBXTargetDependency */ = {
			isa = PBXTargetDependency;
			target = F36373901DD93B0700564C3D /* loop-pedal-app */;
			targetProxy = F36373A61DD93B0700564C3D /* PBXContainerItemProxy */;
		};
/* End PBXTargetDependency section */

/* Begin PBXVariantGroup section */
		F36373981DD93B0700564C3D /* Main.storyboard */ = {
			isa = PBXVariantGroup;
			children = (
				F36373991DD93B0700564C3D /* Base */,
			);
			name = Main.storyboard;
			sourceTree = "<group>";
		};
		F363739D1DD93B0700564C3D /* LaunchScreen.storyboard */ = {
			isa = PBXVariantGroup;
			children = (
				F363739E1DD93B0700564C3D /* Base */,
			);
			name = LaunchScreen.storyboard;
			sourceTree = "<group>";
		};
/* End PBXVariantGroup section */

/* Begin XCBuildConfiguration section */
		F36373AC1DD93B0700564C3D /* Debug */ = {
			isa = XCBuildConfiguration;
			buildSettings = {
				ALWAYS_SEARCH_USER_PATHS = NO;
				CLANG_ANALYZER_NONNULL = YES;
				CLANG_CXX_LANGUAGE_STANDARD = "gnu++0x";
				CLANG_CXX_LIBRARY = "libc++";
				CLANG_ENABLE_MODULES = YES;
				CLANG_ENABLE_OBJC_ARC = YES;
				CLANG_WARN_BOOL_CONVERSION = YES;
				CLANG_WARN_CONSTANT_CONVERSION = YES;
				CLANG_WARN_DIRECT_OBJC_ISA_USAGE = YES_ERROR;
				CLANG_WARN_DOCUMENTATION_COMMENTS = YES;
				CLANG_WARN_EMPTY_BODY = YES;
				CLANG_WARN_ENUM_CONVERSION = YES;
				CLANG_WARN_INFINITE_RECURSION = YES;
				CLANG_WARN_INT_CONVERSION = YES;
				CLANG_WARN_OBJC_ROOT_CLASS = YES_ERROR;
				CLANG_WARN_SUSPICIOUS_MOVES = YES;
				CLANG_WARN_UNREACHABLE_CODE = YES;
				CLANG_WARN__DUPLICATE_METHOD_MATCH = YES;
				"CODE_SIGN_IDENTITY[sdk=iphoneos*]" = "iPhone Developer";
				COPY_PHASE_STRIP = NO;
				DEBUG_INFORMATION_FORMAT = dwarf;
				ENABLE_STRICT_OBJC_MSGSEND = YES;
				ENABLE_TESTABILITY = YES;
				GCC_C_LANGUAGE_STANDARD = gnu99;
				GCC_DYNAMIC_NO_PIC = NO;
				GCC_NO_COMMON_BLOCKS = YES;
				GCC_OPTIMIZATION_LEVEL = 0;
				GCC_PREPROCESSOR_DEFINITIONS = (
					"DEBUG=1",
					"$(inherited)",
				);
				GCC_WARN_64_TO_32_BIT_CONVERSION = YES;
				GCC_WARN_ABOUT_RETURN_TYPE = YES_ERROR;
				GCC_WARN_UNDECLARED_SELECTOR = YES;
				GCC_WARN_UNINITIALIZED_AUTOS = YES_AGGRESSIVE;
				GCC_WARN_UNUSED_FUNCTION = YES;
				GCC_WARN_UNUSED_VARIABLE = YES;
				IPHONEOS_DEPLOYMENT_TARGET = 10.1;
				MTL_ENABLE_DEBUG_INFO = YES;
				ONLY_ACTIVE_ARCH = YES;
				SDKROOT = iphoneos;
				SWIFT_ACTIVE_COMPILATION_CONDITIONS = DEBUG;
				SWIFT_OPTIMIZATION_LEVEL = "-Onone";
				TARGETED_DEVICE_FAMILY = "1,2";
			};
			name = Debug;
		};
		F36373AD1DD93B0700564C3D /* Release */ = {
			isa = XCBuildConfiguration;
			buildSettings = {
				ALWAYS_SEARCH_USER_PATHS = NO;
				CLANG_ANALYZER_NONNULL = YES;
				CLANG_CXX_LANGUAGE_STANDARD = "gnu++0x";
				CLANG_CXX_LIBRARY = "libc++";
				CLANG_ENABLE_MODULES = YES;
				CLANG_ENABLE_OBJC_ARC = YES;
				CLANG_WARN_BOOL_CONVERSION = YES;
				CLANG_WARN_CONSTANT_CONVERSION = YES;
				CLANG_WARN_DIRECT_OBJC_ISA_USAGE = YES_ERROR;
				CLANG_WARN_DOCUMENTATION_COMMENTS = YES;
				CLANG_WARN_EMPTY_BODY = YES;
				CLANG_WARN_ENUM_CONVERSION = YES;
				CLANG_WARN_INFINITE_RECURSION = YES;
				CLANG_WARN_INT_CONVERSION = YES;
				CLANG_WARN_OBJC_ROOT_CLASS = YES_ERROR;
				CLANG_WARN_SUSPICIOUS_MOVES = YES;
				CLANG_WARN_UNREACHABLE_CODE = YES;
				CLANG_WARN__DUPLICATE_METHOD_MATCH = YES;
				"CODE_SIGN_IDENTITY[sdk=iphoneos*]" = "iPhone Developer";
				COPY_PHASE_STRIP = NO;
				DEBUG_INFORMATION_FORMAT = "dwarf-with-dsym";
				ENABLE_NS_ASSERTIONS = NO;
				ENABLE_STRICT_OBJC_MSGSEND = YES;
				GCC_C_LANGUAGE_STANDARD = gnu99;
				GCC_NO_COMMON_BLOCKS = YES;
				GCC_WARN_64_TO_32_BIT_CONVERSION = YES;
				GCC_WARN_ABOUT_RETURN_TYPE = YES_ERROR;
				GCC_WARN_UNDECLARED_SELECTOR = YES;
				GCC_WARN_UNINITIALIZED_AUTOS = YES_AGGRESSIVE;
				GCC_WARN_UNUSED_FUNCTION = YES;
				GCC_WARN_UNUSED_VARIABLE = YES;
				IPHONEOS_DEPLOYMENT_TARGET = 10.1;
				MTL_ENABLE_DEBUG_INFO = NO;
				SDKROOT = iphoneos;
				SWIFT_OPTIMIZATION_LEVEL = "-Owholemodule";
				TARGETED_DEVICE_FAMILY = "1,2";
				VALIDATE_PRODUCT = YES;
			};
			name = Release;
		};
		F36373AF1DD93B0700564C3D /* Debug */ = {
			isa = XCBuildConfiguration;
			buildSettings = {
				ASSETCATALOG_COMPILER_APPICON_NAME = AppIcon;
				INFOPLIST_FILE = "loop-pedal-app/Info.plist";
				LD_RUNPATH_SEARCH_PATHS = "$(inherited) @executable_path/Frameworks";
				PRODUCT_BUNDLE_IDENTIFIER = "com.maggieluo.loop-pedal-app";
				PRODUCT_NAME = "$(TARGET_NAME)";
				SWIFT_VERSION = 3.0;
			};
			name = Debug;
		};
		F36373B01DD93B0700564C3D /* Release */ = {
			isa = XCBuildConfiguration;
			buildSettings = {
				ASSETCATALOG_COMPILER_APPICON_NAME = AppIcon;
				INFOPLIST_FILE = "loop-pedal-app/Info.plist";
				LD_RUNPATH_SEARCH_PATHS = "$(inherited) @executable_path/Frameworks";
				PRODUCT_BUNDLE_IDENTIFIER = "com.maggieluo.loop-pedal-app";
				PRODUCT_NAME = "$(TARGET_NAME)";
				SWIFT_VERSION = 3.0;
			};
			name = Release;
		};
		F36373B21DD93B0700564C3D /* Debug */ = {
			isa = XCBuildConfiguration;
			buildSettings = {
				ALWAYS_EMBED_SWIFT_STANDARD_LIBRARIES = YES;
				BUNDLE_LOADER = "$(TEST_HOST)";
				INFOPLIST_FILE = "loop-pedal-appTests/Info.plist";
				LD_RUNPATH_SEARCH_PATHS = "$(inherited) @executable_path/Frameworks @loader_path/Frameworks";
				PRODUCT_BUNDLE_IDENTIFIER = "com.maggieluo.loop-pedal-appTests";
				PRODUCT_NAME = "$(TARGET_NAME)";
				SWIFT_VERSION = 3.0;
				TEST_HOST = "$(BUILT_PRODUCTS_DIR)/loop-pedal-app.app/loop-pedal-app";
			};
			name = Debug;
		};
		F36373B31DD93B0700564C3D /* Release */ = {
			isa = XCBuildConfiguration;
			buildSettings = {
				ALWAYS_EMBED_SWIFT_STANDARD_LIBRARIES = YES;
				BUNDLE_LOADER = "$(TEST_HOST)";
				INFOPLIST_FILE = "loop-pedal-appTests/Info.plist";
				LD_RUNPATH_SEARCH_PATHS = "$(inherited) @executable_path/Frameworks @loader_path/Frameworks";
				PRODUCT_BUNDLE_IDENTIFIER = "com.maggieluo.loop-pedal-appTests";
				PRODUCT_NAME = "$(TARGET_NAME)";
				SWIFT_VERSION = 3.0;
				TEST_HOST = "$(BUILT_PRODUCTS_DIR)/loop-pedal-app.app/loop-pedal-app";
			};
			name = Release;
		};
/* End XCBuildConfiguration section */

/* Begin XCConfigurationList section */
		F363738C1DD93B0700564C3D /* Build configuration list for PBXProject "loop-pedal-app" */ = {
			isa = XCConfigurationList;
			buildConfigurations = (
				F36373AC1DD93B0700564C3D /* Debug */,
				F36373AD1DD93B0700564C3D /* Release */,
			);
			defaultConfigurationIsVisible = 0;
			defaultConfigurationName = Release;
		};
		F36373AE1DD93B0700564C3D /* Build configuration list for PBXNativeTarget "loop-pedal-app" */ = {
			isa = XCConfigurationList;
			buildConfigurations = (
				F36373AF1DD93B0700564C3D /* Debug */,
				F36373B01DD93B0700564C3D /* Release */,
			);
			defaultConfigurationIsVisible = 0;
		};
		F36373B11DD93B0700564C3D /* Build configuration list for PBXNativeTarget "loop-pedal-appTests" */ = {
			isa = XCConfigurationList;
			buildConfigurations = (
				F36373B21DD93B0700564C3D /* Debug */,
				F36373B31DD93B0700564C3D /* Release */,
			);
			defaultConfigurationIsVisible = 0;
		};
/* End XCConfigurationList section */
	};
	rootObject = F36373891DD93B0700564C3D /* Project object */;
}
